
Microsoft Visual Studio Solution File, Format Version 12.00
# Visual Studio Version 16
VisualStudioVersion = 16.0.28729.10
MinimumVisualStudioVersion = 10.0.40219.1
Project("{9A19103F-16F7-4668-BE54-9A1E7A4F7556}") = "Greenshot", "Greenshot\Greenshot.csproj", "{CD642BF4-D815-4D67-A0B5-C69F0B8231AF}"
EndProject
Project("{9A19103F-16F7-4668-BE54-9A1E7A4F7556}") = "Greenshot.Addons", "Greenshot.Addons\Greenshot.Addons.csproj", "{5B924697-4DCD-4F98-85F1-105CB84B7341}"
EndProject
Project("{9A19103F-16F7-4668-BE54-9A1E7A4F7556}") = "Greenshot.Gfx", "Greenshot.Gfx\Greenshot.Gfx.csproj", "{F041C685-EB96-4ED1-9ACE-0F5BD836610F}"
EndProject
Project("{9A19103F-16F7-4668-BE54-9A1E7A4F7556}") = "Greenshot.Addon.LegacyEditor", "Greenshot.Addon.LegacyEditor\Greenshot.Addon.LegacyEditor.csproj", "{9F89C5A0-EB75-4F01-97EB-FBC0725733F2}"
EndProject
Project("{9A19103F-16F7-4668-BE54-9A1E7A4F7556}") = "Greenshot.Core", "Greenshot.Core\Greenshot.Core.csproj", "{BF35190D-B2A7-4CFA-B397-51CB384CF0D7}"
EndProject
Global
	GlobalSection(SolutionConfigurationPlatforms) = preSolution
		Debug|Any CPU = Debug|Any CPU
		Debug|x64 = Debug|x64
		Debug|x86 = Debug|x86
		Release|Any CPU = Release|Any CPU
		Release|x64 = Release|x64
		Release|x86 = Release|x86
	EndGlobalSection
	GlobalSection(ProjectConfigurationPlatforms) = postSolution
		{CD642BF4-D815-4D67-A0B5-C69F0B8231AF}.Debug|Any CPU.ActiveCfg = Debug|Any CPU
		{CD642BF4-D815-4D67-A0B5-C69F0B8231AF}.Debug|Any CPU.Build.0 = Debug|Any CPU
		{CD642BF4-D815-4D67-A0B5-C69F0B8231AF}.Debug|x64.ActiveCfg = Debug|Any CPU
		{CD642BF4-D815-4D67-A0B5-C69F0B8231AF}.Debug|x64.Build.0 = Debug|Any CPU
		{CD642BF4-D815-4D67-A0B5-C69F0B8231AF}.Debug|x86.ActiveCfg = Debug|Any CPU
		{CD642BF4-D815-4D67-A0B5-C69F0B8231AF}.Debug|x86.Build.0 = Debug|Any CPU
		{CD642BF4-D815-4D67-A0B5-C69F0B8231AF}.Release|Any CPU.ActiveCfg = Release|Any CPU
		{CD642BF4-D815-4D67-A0B5-C69F0B8231AF}.Release|Any CPU.Build.0 = Release|Any CPU
		{CD642BF4-D815-4D67-A0B5-C69F0B8231AF}.Release|x64.ActiveCfg = Release|Any CPU
		{CD642BF4-D815-4D67-A0B5-C69F0B8231AF}.Release|x64.Build.0 = Release|Any CPU
		{CD642BF4-D815-4D67-A0B5-C69F0B8231AF}.Release|x86.ActiveCfg = Release|Any CPU
		{CD642BF4-D815-4D67-A0B5-C69F0B8231AF}.Release|x86.Build.0 = Release|Any CPU
		{5B924697-4DCD-4F98-85F1-105CB84B7341}.Debug|Any CPU.ActiveCfg = Debug|Any CPU
		{5B924697-4DCD-4F98-85F1-105CB84B7341}.Debug|Any CPU.Build.0 = Debug|Any CPU
		{5B924697-4DCD-4F98-85F1-105CB84B7341}.Debug|x64.ActiveCfg = Debug|Any CPU
		{5B924697-4DCD-4F98-85F1-105CB84B7341}.Debug|x64.Build.0 = Debug|Any CPU
		{5B924697-4DCD-4F98-85F1-105CB84B7341}.Debug|x86.ActiveCfg = Debug|Any CPU
		{5B924697-4DCD-4F98-85F1-105CB84B7341}.Debug|x86.Build.0 = Debug|Any CPU
		{5B924697-4DCD-4F98-85F1-105CB84B7341}.Release|Any CPU.ActiveCfg = Release|Any CPU
		{5B924697-4DCD-4F98-85F1-105CB84B7341}.Release|Any CPU.Build.0 = Release|Any CPU
		{5B924697-4DCD-4F98-85F1-105CB84B7341}.Release|x64.ActiveCfg = Release|Any CPU
		{5B924697-4DCD-4F98-85F1-105CB84B7341}.Release|x64.Build.0 = Release|Any CPU
		{5B924697-4DCD-4F98-85F1-105CB84B7341}.Release|x86.ActiveCfg = Release|Any CPU
		{5B924697-4DCD-4F98-85F1-105CB84B7341}.Release|x86.Build.0 = Release|Any CPU
		{F041C685-EB96-4ED1-9ACE-0F5BD836610F}.Debug|Any CPU.ActiveCfg = Debug|Any CPU
		{F041C685-EB96-4ED1-9ACE-0F5BD836610F}.Debug|Any CPU.Build.0 = Debug|Any CPU
		{F041C685-EB96-4ED1-9ACE-0F5BD836610F}.Debug|x64.ActiveCfg = Debug|Any CPU
		{F041C685-EB96-4ED1-9ACE-0F5BD836610F}.Debug|x64.Build.0 = Debug|Any CPU
		{F041C685-EB96-4ED1-9ACE-0F5BD836610F}.Debug|x86.ActiveCfg = Debug|Any CPU
		{F041C685-EB96-4ED1-9ACE-0F5BD836610F}.Debug|x86.Build.0 = Debug|Any CPU
		{F041C685-EB96-4ED1-9ACE-0F5BD836610F}.Release|Any CPU.ActiveCfg = Release|Any CPU
		{F041C685-EB96-4ED1-9ACE-0F5BD836610F}.Release|Any CPU.Build.0 = Release|Any CPU
		{F041C685-EB96-4ED1-9ACE-0F5BD836610F}.Release|x64.ActiveCfg = Release|Any CPU
		{F041C685-EB96-4ED1-9ACE-0F5BD836610F}.Release|x64.Build.0 = Release|Any CPU
		{F041C685-EB96-4ED1-9ACE-0F5BD836610F}.Release|x86.ActiveCfg = Release|Any CPU
		{F041C685-EB96-4ED1-9ACE-0F5BD836610F}.Release|x86.Build.0 = Release|Any CPU
		{9F89C5A0-EB75-4F01-97EB-FBC0725733F2}.Debug|Any CPU.ActiveCfg = Debug|Any CPU
		{9F89C5A0-EB75-4F01-97EB-FBC0725733F2}.Debug|Any CPU.Build.0 = Debug|Any CPU
		{9F89C5A0-EB75-4F01-97EB-FBC0725733F2}.Debug|x64.ActiveCfg = Debug|Any CPU
		{9F89C5A0-EB75-4F01-97EB-FBC0725733F2}.Debug|x64.Build.0 = Debug|Any CPU
		{9F89C5A0-EB75-4F01-97EB-FBC0725733F2}.Debug|x86.ActiveCfg = Debug|Any CPU
		{9F89C5A0-EB75-4F01-97EB-FBC0725733F2}.Debug|x86.Build.0 = Debug|Any CPU
		{9F89C5A0-EB75-4F01-97EB-FBC0725733F2}.Release|Any CPU.ActiveCfg = Release|Any CPU
		{9F89C5A0-EB75-4F01-97EB-FBC0725733F2}.Release|Any CPU.Build.0 = Release|Any CPU
		{9F89C5A0-EB75-4F01-97EB-FBC0725733F2}.Release|x64.ActiveCfg = Release|Any CPU
		{9F89C5A0-EB75-4F01-97EB-FBC0725733F2}.Release|x64.Build.0 = Release|Any CPU
		{9F89C5A0-EB75-4F01-97EB-FBC0725733F2}.Release|x86.ActiveCfg = Release|Any CPU
		{9F89C5A0-EB75-4F01-97EB-FBC0725733F2}.Release|x86.Build.0 = Release|Any CPU
		{BF35190D-B2A7-4CFA-B397-51CB384CF0D7}.Debug|Any CPU.ActiveCfg = Debug|Any CPU
		{BF35190D-B2A7-4CFA-B397-51CB384CF0D7}.Debug|Any CPU.Build.0 = Debug|Any CPU
		{BF35190D-B2A7-4CFA-B397-51CB384CF0D7}.Debug|x64.ActiveCfg = Debug|Any CPU
		{BF35190D-B2A7-4CFA-B397-51CB384CF0D7}.Debug|x64.Build.0 = Debug|Any CPU
		{BF35190D-B2A7-4CFA-B397-51CB384CF0D7}.Debug|x86.ActiveCfg = Debug|Any CPU
		{BF35190D-B2A7-4CFA-B397-51CB384CF0D7}.Debug|x86.Build.0 = Debug|Any CPU
		{BF35190D-B2A7-4CFA-B397-51CB384CF0D7}.Release|Any CPU.ActiveCfg = Release|Any CPU
		{BF35190D-B2A7-4CFA-B397-51CB384CF0D7}.Release|Any CPU.Build.0 = Release|Any CPU
		{BF35190D-B2A7-4CFA-B397-51CB384CF0D7}.Release|x64.ActiveCfg = Release|Any CPU
		{BF35190D-B2A7-4CFA-B397-51CB384CF0D7}.Release|x64.Build.0 = Release|Any CPU
		{BF35190D-B2A7-4CFA-B397-51CB384CF0D7}.Release|x86.ActiveCfg = Release|Any CPU
		{BF35190D-B2A7-4CFA-B397-51CB384CF0D7}.Release|x86.Build.0 = Release|Any CPU
	EndGlobalSection
	GlobalSection(SolutionProperties) = preSolution
		HideSolutionNode = FALSE
	EndGlobalSection
	GlobalSection(ExtensibilityGlobals) = postSolution
		SolutionGuid = {8508EA59-659A-4E08-9232-91774FBA65F2}
	EndGlobalSection
EndGlobal
